// !$*UTF8*$!
{
	archiveVersion = 1;
	classes = {
	};
	objectVersion = 50;
	objects = {

/* Begin PBXBuildFile section */
		AB61DD1626E9C555004942CC /* Post.swift in Sources */ = {isa = PBXBuildFile; fileRef = AB61DD1526E9C555004942CC /* Post.swift */; };
		AB848C1626DB3FD900FD6FBB /* AppDelegate.swift in Sources */ = {isa = PBXBuildFile; fileRef = AB848C1526DB3FD900FD6FBB /* AppDelegate.swift */; };
		AB848C1826DB3FD900FD6FBB /* SceneDelegate.swift in Sources */ = {isa = PBXBuildFile; fileRef = AB848C1726DB3FD900FD6FBB /* SceneDelegate.swift */; };
		AB848C1A26DB3FD900FD6FBB /* SigninViewController.swift in Sources */ = {isa = PBXBuildFile; fileRef = AB848C1926DB3FD900FD6FBB /* SigninViewController.swift */; };
		AB848C1D26DB3FD900FD6FBB /* Main.storyboard in Resources */ = {isa = PBXBuildFile; fileRef = AB848C1B26DB3FD900FD6FBB /* Main.storyboard */; };
		AB848C1F26DB3FDD00FD6FBB /* Assets.xcassets in Resources */ = {isa = PBXBuildFile; fileRef = AB848C1E26DB3FDD00FD6FBB /* Assets.xcassets */; };
		AB848C2226DB3FDD00FD6FBB /* LaunchScreen.storyboard in Resources */ = {isa = PBXBuildFile; fileRef = AB848C2026DB3FDD00FD6FBB /* LaunchScreen.storyboard */; };
		AB848C2C26DB40DE00FD6FBB /* SearchViewController.swift in Sources */ = {isa = PBXBuildFile; fileRef = AB848C2B26DB40DE00FD6FBB /* SearchViewController.swift */; };
		AB848C2F26DB4AF800FD6FBB /* SearchResultVC.swift in Sources */ = {isa = PBXBuildFile; fileRef = AB848C2E26DB4AF800FD6FBB /* SearchResultVC.swift */; };
		ABB89FD6270183FC0084AA25 /* FavouritedVC.swift in Sources */ = {isa = PBXBuildFile; fileRef = ABB89FD5270183FC0084AA25 /* FavouritedVC.swift */; };
/* End PBXBuildFile section */

/* Begin PBXFileReference section */
		AB61DD1526E9C555004942CC /* Post.swift */ = {isa = PBXFileReference; lastKnownFileType = sourcecode.swift; path = Post.swift; sourceTree = "<group>"; };
		AB848C1226DB3FD900FD6FBB /* Posts.app */ = {isa = PBXFileReference; explicitFileType = wrapper.application; includeInIndex = 0; path = Posts.app; sourceTree = BUILT_PRODUCTS_DIR; };
		AB848C1526DB3FD900FD6FBB /* AppDelegate.swift */ = {isa = PBXFileReference; lastKnownFileType = sourcecode.swift; path = AppDelegate.swift; sourceTree = "<group>"; };
		AB848C1726DB3FD900FD6FBB /* SceneDelegate.swift */ = {isa = PBXFileReference; lastKnownFileType = sourcecode.swift; path = SceneDelegate.swift; sourceTree = "<group>"; };
		AB848C1926DB3FD900FD6FBB /* SigninViewController.swift */ = {isa = PBXFileReference; lastKnownFileType = sourcecode.swift; path = SigninViewController.swift; sourceTree = "<group>"; };
		AB848C1C26DB3FD900FD6FBB /* Base */ = {isa = PBXFileReference; lastKnownFileType = file.storyboard; name = Base; path = Base.lproj/Main.storyboard; sourceTree = "<group>"; };
		AB848C1E26DB3FDD00FD6FBB /* Assets.xcassets */ = {isa = PBXFileReference; lastKnownFileType = folder.assetcatalog; path = Assets.xcassets; sourceTree = "<group>"; };
		AB848C2126DB3FDD00FD6FBB /* Base */ = {isa = PBXFileReference; lastKnownFileType = file.storyboard; name = Base; path = Base.lproj/LaunchScreen.storyboard; sourceTree = "<group>"; };
		AB848C2326DB3FDD00FD6FBB /* Info.plist */ = {isa = PBXFileReference; lastKnownFileType = text.plist.xml; path = Info.plist; sourceTree = "<group>"; };
		AB848C2B26DB40DE00FD6FBB /* SearchViewController.swift */ = {isa = PBXFileReference; lastKnownFileType = sourcecode.swift; path = SearchViewController.swift; sourceTree = "<group>"; };
		AB848C2E26DB4AF800FD6FBB /* SearchResultVC.swift */ = {isa = PBXFileReference; lastKnownFileType = sourcecode.swift; path = SearchResultVC.swift; sourceTree = "<group>"; };
		ABB89FD5270183FC0084AA25 /* FavouritedVC.swift */ = {isa = PBXFileReference; lastKnownFileType = sourcecode.swift; path = FavouritedVC.swift; sourceTree = "<group>"; };
/* End PBXFileReference section */

/* Begin PBXFrameworksBuildPhase section */
		AB848C0F26DB3FD900FD6FBB /* Frameworks */ = {
			isa = PBXFrameworksBuildPhase;
			buildActionMask = 2147483647;
			files = (
			);
			runOnlyForDeploymentPostprocessing = 0;
		};
/* End PBXFrameworksBuildPhase section */

/* Begin PBXGroup section */
		AB61DD1826E9C560004942CC /* Model */ = {
			isa = PBXGroup;
			children = (
			);
			path = Model;
			sourceTree = "<group>";
		};
		AB848C0926DB3FD900FD6FBB = {
			isa = PBXGroup;
			children = (
				AB848C1426DB3FD900FD6FBB /* Posts */,
				AB848C1326DB3FD900FD6FBB /* Products */,
			);
			sourceTree = "<group>";
		};
		AB848C1326DB3FD900FD6FBB /* Products */ = {
			isa = PBXGroup;
			children = (
				AB848C1226DB3FD900FD6FBB /* Posts.app */,
			);
			name = Products;
			sourceTree = "<group>";
		};
		AB848C1426DB3FD900FD6FBB /* Posts */ = {
			isa = PBXGroup;
			children = (
				AB848C1526DB3FD900FD6FBB /* AppDelegate.swift */,
				AB848C1726DB3FD900FD6FBB /* SceneDelegate.swift */,
				AB848C1926DB3FD900FD6FBB /* SigninViewController.swift */,
				AB848C1B26DB3FD900FD6FBB /* Main.storyboard */,
				ABB89FD5270183FC0084AA25 /* FavouritedVC.swift */,
				AB848C2E26DB4AF800FD6FBB /* SearchResultVC.swift */,
				AB61DD1826E9C560004942CC /* Model */,
				AB848C2B26DB40DE00FD6FBB /* SearchViewController.swift */,
				AB61DD1526E9C555004942CC /* Post.swift */,
				AB848C1E26DB3FDD00FD6FBB /* Assets.xcassets */,
				AB848C2026DB3FDD00FD6FBB /* LaunchScreen.storyboard */,
				AB848C2326DB3FDD00FD6FBB /* Info.plist */,
			);
			path = Posts;
			sourceTree = "<group>";
		};
/* End PBXGroup section */

/* Begin PBXNativeTarget section */
		AB848C1126DB3FD900FD6FBB /* Posts */ = {
			isa = PBXNativeTarget;
			buildConfigurationList = AB848C2626DB3FDD00FD6FBB /* Build configuration list for PBXNativeTarget "Posts" */;
			buildPhases = (
				AB848C0E26DB3FD900FD6FBB /* Sources */,
				AB848C0F26DB3FD900FD6FBB /* Frameworks */,
				AB848C1026DB3FD900FD6FBB /* Resources */,
			);
			buildRules = (
			);
			dependencies = (
			);
			name = Posts;
			productName = Posts;
			productReference = AB848C1226DB3FD900FD6FBB /* Posts.app */;
			productType = "com.apple.product-type.application";
		};
/* End PBXNativeTarget section */

/* Begin PBXProject section */
		AB848C0A26DB3FD900FD6FBB /* Project object */ = {
			isa = PBXProject;
			attributes = {
				LastSwiftUpdateCheck = 1220;
				LastUpgradeCheck = 1220;
				TargetAttributes = {
					AB848C1126DB3FD900FD6FBB = {
						CreatedOnToolsVersion = 12.2;
					};
				};
			};
			buildConfigurationList = AB848C0D26DB3FD900FD6FBB /* Build configuration list for PBXProject "Posts" */;
			compatibilityVersion = "Xcode 9.3";
			developmentRegion = en;
			hasScannedForEncodings = 0;
			knownRegions = (
				en,
				Base,
			);
			mainGroup = AB848C0926DB3FD900FD6FBB;
			productRefGroup = AB848C1326DB3FD900FD6FBB /* Products */;
			projectDirPath = "";
			projectRoot = "";
			targets = (
				AB848C1126DB3FD900FD6FBB /* Posts */,
			);
		};
/* End PBXProject section */

/* Begin PBXResourcesBuildPhase section */
		AB848C1026DB3FD900FD6FBB /* Resources */ = {
			isa = PBXResourcesBuildPhase;
			buildActionMask = 2147483647;
			files = (
				AB848C2226DB3FDD00FD6FBB /* LaunchScreen.storyboard in Resources */,
				AB848C1F26DB3FDD00FD6FBB /* Assets.xcassets in Resources */,
				AB848C1D26DB3FD900FD6FBB /* Main.storyboard in Resources */,
			);
			runOnlyForDeploymentPostprocessing = 0;
		};
/* End PBXResourcesBuildPhase section */

/* Begin PBXSourcesBuildPhase section */
		AB848C0E26DB3FD900FD6FBB /* Sources */ = {
			isa = PBXSourcesBuildPhase;
			buildActionMask = 2147483647;
			files = (
				AB848C1A26DB3FD900FD6FBB /* SigninViewController.swift in Sources */,
				AB848C1626DB3FD900FD6FBB /* AppDelegate.swift in Sources */,
				AB848C2C26DB40DE00FD6FBB /* SearchViewController.swift in Sources */,
				AB61DD1626E9C555004942CC /* Post.swift in Sources */,
				AB848C1826DB3FD900FD6FBB /* SceneDelegate.swift in Sources */,
				ABB89FD6270183FC0084AA25 /* FavouritedVC.swift in Sources */,
				AB848C2F26DB4AF800FD6FBB /* SearchResultVC.swift in Sources */,
			);
			runOnlyForDeploymentPostprocessing = 0;
		};
/* End PBXSourcesBuildPhase section */

/* Begin PBXVariantGroup section */
		AB848C1B26DB3FD900FD6FBB /* Main.storyboard */ = {
			isa = PBXVariantGroup;
			children = (
				AB848C1C26DB3FD900FD6FBB /* Base */,
			);
			name = Main.storyboard;
			sourceTree = "<group>";
		};
		AB848C2026DB3FDD00FD6FBB /* LaunchScreen.storyboard */ = {
			isa = PBXVariantGroup;
			children = (
				AB848C2126DB3FDD00FD6FBB /* Base */,
			);
			name = LaunchScreen.storyboard;
			sourceTree = "<group>";
		};
/* End PBXVariantGroup section */

/* Begin XCBuildConfiguration section */
		AB848C2426DB3FDD00FD6FBB /* Debug */ = {
			isa = XCBuildConfiguration;
			buildSettings = {
				ALWAYS_SEARCH_USER_PATHS = NO;
				CLANG_ANALYZER_NONNULL = YES;
				CLANG_ANALYZER_NUMBER_OBJECT_CONVERSION = YES_AGGRESSIVE;
				CLANG_CXX_LANGUAGE_STANDARD = "gnu++14";
				CLANG_CXX_LIBRARY = "libc++";
				CLANG_ENABLE_MODULES = YES;
				CLANG_ENABLE_OBJC_ARC = YES;
				CLANG_ENABLE_OBJC_WEAK = YES;
				CLANG_WARN_BLOCK_CAPTURE_AUTORELEASING = YES;
				CLANG_WARN_BOOL_CONVERSION = YES;
				CLANG_WARN_COMMA = YES;
				CLANG_WARN_CONSTANT_CONVERSION = YES;
				CLANG_WARN_DEPRECATED_OBJC_IMPLEMENTATIONS = YES;
				CLANG_WARN_DIRECT_OBJC_ISA_USAGE = YES_ERROR;
				CLANG_WARN_DOCUMENTATION_COMMENTS = YES;
				CLANG_WARN_EMPTY_BODY = YES;
				CLANG_WARN_ENUM_CONVERSION = YES;
				CLANG_WARN_INFINITE_RECURSION = YES;
				CLANG_WARN_INT_CONVERSION = YES;
				CLANG_WARN_NON_LITERAL_NULL_CONVERSION = YES;
				CLANG_WARN_OBJC_IMPLICIT_RETAIN_SELF = YES;
				CLANG_WARN_OBJC_LITERAL_CONVERSION = YES;
				CLANG_WARN_OBJC_ROOT_CLASS = YES_ERROR;
				CLANG_WARN_QUOTED_INCLUDE_IN_FRAMEWORK_HEADER = YES;
				CLANG_WARN_RANGE_LOOP_ANALYSIS = YES;
				CLANG_WARN_STRICT_PROTOTYPES = YES;
				CLANG_WARN_SUSPICIOUS_MOVE = YES;
				CLANG_WARN_UNGUARDED_AVAILABILITY = YES_AGGRESSIVE;
				CLANG_WARN_UNREACHABLE_CODE = YES;
				CLANG_WARN__DUPLICATE_METHOD_MATCH = YES;
				COPY_PHASE_STRIP = NO;
				DEBUG_INFORMATION_FORMAT = dwarf;
				ENABLE_STRICT_OBJC_MSGSEND = YES;
				ENABLE_TESTABILITY = YES;
				GCC_C_LANGUAGE_STANDARD = gnu11;
				GCC_DYNAMIC_NO_PIC = NO;
				GCC_NO_COMMON_BLOCKS = YES;
				GCC_OPTIMIZATION_LEVEL = 0;
				GCC_PREPROCESSOR_DEFINITIONS = (
					"DEBUG=1",
					"$(inherited)",
				);
				GCC_WARN_64_TO_32_BIT_CONVERSION = YES;
				GCC_WARN_ABOUT_RETURN_TYPE = YES_ERROR;
				GCC_WARN_UNDECLARED_SELECTOR = YES;
				GCC_WARN_UNINITIALIZED_AUTOS = YES_AGGRESSIVE;
				GCC_WARN_UNUSED_FUNCTION = YES;
				GCC_WARN_UNUSED_VARIABLE = YES;
				IPHONEOS_DEPLOYMENT_TARGET = 14.2;
				MTL_ENABLE_DEBUG_INFO = INCLUDE_SOURCE;
				MTL_FAST_MATH = YES;
				ONLY_ACTIVE_ARCH = YES;
				SDKROOT = iphoneos;
				SWIFT_ACTIVE_COMPILATION_CONDITIONS = DEBUG;
				SWIFT_OPTIMIZATION_LEVEL = "-Onone";
			};
			name = Debug;
		};
		AB848C2526DB3FDD00FD6FBB /* Release */ = {
			isa = XCBuildConfiguration;
			buildSettings = {
				ALWAYS_SEARCH_USER_PATHS = NO;
				CLANG_ANALYZER_NONNULL = YES;
				CLANG_ANALYZER_NUMBER_OBJECT_CONVERSION = YES_AGGRESSIVE;
				CLANG_CXX_LANGUAGE_STANDARD = "gnu++14";
				CLANG_CXX_LIBRARY = "libc++";
				CLANG_ENABLE_MODULES = YES;
				CLANG_ENABLE_OBJC_ARC = YES;
				CLANG_ENABLE_OBJC_WEAK = YES;
				CLANG_WARN_BLOCK_CAPTURE_AUTORELEASING = YES;
				CLANG_WARN_BOOL_CONVERSION = YES;
				CLANG_WARN_COMMA = YES;
				CLANG_WARN_CONSTANT_CONVERSION = YES;
				CLANG_WARN_DEPRECATED_OBJC_IMPLEMENTATIONS = YES;
				CLANG_WARN_DIRECT_OBJC_ISA_USAGE = YES_ERROR;
				CLANG_WARN_DOCUMENTATION_COMMENTS = YES;
				CLANG_WARN_EMPTY_BODY = YES;
				CLANG_WARN_ENUM_CONVERSION = YES;
				CLANG_WARN_INFINITE_RECURSION = YES;
				CLANG_WARN_INT_CONVERSION = YES;
				CLANG_WARN_NON_LITERAL_NULL_CONVERSION = YES;
				CLANG_WARN_OBJC_IMPLICIT_RETAIN_SELF = YES;
				CLANG_WARN_OBJC_LITERAL_CONVERSION = YES;
				CLANG_WARN_OBJC_ROOT_CLASS = YES_ERROR;
				CLANG_WARN_QUOTED_INCLUDE_IN_FRAMEWORK_HEADER = YES;
				CLANG_WARN_RANGE_LOOP_ANALYSIS = YES;
				CLANG_WARN_STRICT_PROTOTYPES = YES;
				CLANG_WARN_SUSPICIOUS_MOVE = YES;
				CLANG_WARN_UNGUARDED_AVAILABILITY = YES_AGGRESSIVE;
				CLANG_WARN_UNREACHABLE_CODE = YES;
				CLANG_WARN__DUPLICATE_METHOD_MATCH = YES;
				COPY_PHASE_STRIP = NO;
				DEBUG_INFORMATION_FORMAT = "dwarf-with-dsym";
				ENABLE_NS_ASSERTIONS = NO;
				ENABLE_STRICT_OBJC_MSGSEND = YES;
				GCC_C_LANGUAGE_STANDARD = gnu11;
				GCC_NO_COMMON_BLOCKS = YES;
				GCC_WARN_64_TO_32_BIT_CONVERSION = YES;
				GCC_WARN_ABOUT_RETURN_TYPE = YES_ERROR;
				GCC_WARN_UNDECLARED_SELECTOR = YES;
				GCC_WARN_UNINITIALIZED_AUTOS = YES_AGGRESSIVE;
				GCC_WARN_UNUSED_FUNCTION = YES;
				GCC_WARN_UNUSED_VARIABLE = YES;
				IPHONEOS_DEPLOYMENT_TARGET = 14.2;
				MTL_ENABLE_DEBUG_INFO = NO;
				MTL_FAST_MATH = YES;
				SDKROOT = iphoneos;
				SWIFT_COMPILATION_MODE = wholemodule;
				SWIFT_OPTIMIZATION_LEVEL = "-O";
				VALIDATE_PRODUCT = YES;
			};
			name = Release;
		};
		AB848C2726DB3FDD00FD6FBB /* Debug */ = {
			isa = XCBuildConfiguration;
			buildSettings = {
				ASSETCATALOG_COMPILER_APPICON_NAME = AppIcon;
				ASSETCATALOG_COMPILER_GLOBAL_ACCENT_COLOR_NAME = AccentColor;
				CODE_SIGN_STYLE = Automatic;
				DEVELOPMENT_TEAM = L3C4M62TVQ;
				INFOPLIST_FILE = Posts/Info.plist;
				LD_RUNPATH_SEARCH_PATHS = (
					"$(inherited)",
					"@executable_path/Frameworks",
				);
				PRODUCT_BUNDLE_IDENTIFIER = hemo.Posts;
				PRODUCT_NAME = "$(TARGET_NAME)";
				SWIFT_VERSION = 5.0;
				TARGETED_DEVICE_FAMILY = "1,2";
			};
			name = Debug;
		};
		AB848C2826DB3FDD00FD6FBB /* Release */ = {
			isa = XCBuildConfiguration;
			buildSettings = {
				ASSETCATALOG_COMPILER_APPICON_NAME = AppIcon;
				ASSETCATALOG_COMPILER_GLOBAL_ACCENT_COLOR_NAME = AccentColor;
				CODE_SIGN_STYLE = Automatic;
				DEVELOPMENT_TEAM = L3C4M62TVQ;
				INFOPLIST_FILE = Posts/Info.plist;
				LD_RUNPATH_SEARCH_PATHS = (
					"$(inherited)",
					"@executable_path/Frameworks",
				);
				PRODUCT_BUNDLE_IDENTIFIER = hemo.Posts;
				PRODUCT_NAME = "$(TARGET_NAME)";
				SWIFT_VERSION = 5.0;
				TARGETED_DEVICE_FAMILY = "1,2";
			};
			name = Release;
		};
/* End XCBuildConfiguration section */

/* Begin XCConfigurationList section */
		AB848C0D26DB3FD900FD6FBB /* Build configuration list for PBXProject "Posts" */ = {
			isa = XCConfigurationList;
			buildConfigurations = (
				AB848C2426DB3FDD00FD6FBB /* Debug */,
				AB848C2526DB3FDD00FD6FBB /* Release */,
			);
			defaultConfigurationIsVisible = 0;
			defaultConfigurationName = Release;
		};
		AB848C2626DB3FDD00FD6FBB /* Build configuration list for PBXNativeTarget "Posts" */ = {
			isa = XCConfigurationList;
			buildConfigurations = (
				AB848C2726DB3FDD00FD6FBB /* Debug */,
				AB848C2826DB3FDD00FD6FBB /* Release */,
			);
			defaultConfigurationIsVisible = 0;
			defaultConfigurationName = Release;
		};
/* End XCConfigurationList section */
	};
	rootObject = AB848C0A26DB3FD900FD6FBB /* Project object */;
}
